
Microsoft Visual Studio Solution File, Format Version 12.00
# Visual Studio Version 16
VisualStudioVersion = 16.0.29411.108
MinimumVisualStudioVersion = 10.0.40219.1
Project("{FAE04EC0-301F-11D3-BF4B-00C04F79EFBC}") = "LimitedList", "LimitedList.csproj", "{D2DE460D-FAD7-4DFD-832B-47228A81C549}"
EndProject
Global
	GlobalSection(SolutionConfigurationPlatforms) = preSolution
		Debug|Any CPU = Debug|Any CPU
		Release|Any CPU = Release|Any CPU
	EndGlobalSection
	GlobalSection(ProjectConfigurationPlatforms) = postSolution
		{D2DE460D-FAD7-4DFD-832B-47228A81C549}.Debug|Any CPU.ActiveCfg = Debug|Any CPU
		{D2DE460D-FAD7-4DFD-832B-47228A81C549}.Debug|Any CPU.Build.0 = Debug|Any CPU
		{D2DE460D-FAD7-4DFD-832B-47228A81C549}.Release|Any CPU.ActiveCfg = Release|Any CPU
		{D2DE460D-FAD7-4DFD-832B-47228A81C549}.Release|Any CPU.Build.0 = Release|Any CPU
	EndGlobalSection
	GlobalSection(SolutionProperties) = preSolution
		HideSolutionNode = FALSE
	EndGlobalSection
	GlobalSection(ExtensibilityGlobals) = postSolution
		SolutionGuid = {370D937E-AE84-467D-827B-61EC1E5A6100}
	EndGlobalSection
EndGlobal
